
Microsoft Visual Studio Solution File, Format Version 12.00
# Visual Studio Version 16
VisualStudioVersion = 16.0.31911.196
MinimumVisualStudioVersion = 10.0.40219.1
Project("{FAE04EC0-301F-11D3-BF4B-00C04F79EFBC}") = "PracticaDeLaboratorio_UsingDomParserInCSharp", "PracticaDeLaboratorio_UsingDomParserInCSharp\PracticaDeLaboratorio_UsingDomParserInCSharp.csproj", "{1B4983D2-D703-413D-80E6-F7762B921286}"
EndProject
Global
	GlobalSection(SolutionConfigurationPlatforms) = preSolution
		Debug|Any CPU = Debug|Any CPU
		Release|Any CPU = Release|Any CPU
	EndGlobalSection
	GlobalSection(ProjectConfigurationPlatforms) = postSolution
		{1B4983D2-D703-413D-80E6-F7762B921286}.Debug|Any CPU.ActiveCfg = Debug|Any CPU
		{1B4983D2-D703-413D-80E6-F7762B921286}.Debug|Any CPU.Build.0 = Debug|Any CPU
		{1B4983D2-D703-413D-80E6-F7762B921286}.Release|Any CPU.ActiveCfg = Release|Any CPU
		{1B4983D2-D703-413D-80E6-F7762B921286}.Release|Any CPU.Build.0 = Release|Any CPU
	EndGlobalSection
	GlobalSection(SolutionProperties) = preSolution
		HideSolutionNode = FALSE
	EndGlobalSection
	GlobalSection(ExtensibilityGlobals) = postSolution
		SolutionGuid = {401D8461-ED9C-4FF0-8781-A5166DF83D11}
	EndGlobalSection
EndGlobal
